// !$*UTF8*$!
{
	archiveVersion = 1;
	classes = {
	};
	objectVersion = 50;
	objects = {

/* Begin PBXBuildFile section */
		0EA40A582331413200420037 /* datatypes.c in Sources */ = {isa = PBXBuildFile; fileRef = 0EA40A572331413200420037 /* datatypes.c */; };
		0EAC73F9232FED5700AC829F /* main.c in Sources */ = {isa = PBXBuildFile; fileRef = 0EAC73F8232FED5700AC829F /* main.c */; };
		0EAC7401232FED7A00AC829F /* pythagorus.c in Sources */ = {isa = PBXBuildFile; fileRef = 0EAC7400232FED7A00AC829F /* pythagorus.c */; };
/* End PBXBuildFile section */

/* Begin PBXCopyFilesBuildPhase section */
		0EAC73F3232FED5700AC829F /* CopyFiles */ = {
			isa = PBXCopyFilesBuildPhase;
			buildActionMask = 2147483647;
			dstPath = /usr/share/man/man1/;
			dstSubfolderSpec = 0;
			files = (
			);
			runOnlyForDeploymentPostprocessing = 1;
		};
/* End PBXCopyFilesBuildPhase section */

/* Begin PBXFileReference section */
		0EA40A562331413200420037 /* datatypes.h */ = {isa = PBXFileReference; lastKnownFileType = sourcecode.c.h; path = datatypes.h; sourceTree = "<group>"; };
		0EA40A572331413200420037 /* datatypes.c */ = {isa = PBXFileReference; lastKnownFileType = sourcecode.c.c; path = datatypes.c; sourceTree = "<group>"; };
		0EAC73F5232FED5700AC829F /* labs */ = {isa = PBXFileReference; explicitFileType = "compiled.mach-o.executable"; includeInIndex = 0; path = labs; sourceTree = BUILT_PRODUCTS_DIR; };
		0EAC73F8232FED5700AC829F /* main.c */ = {isa = PBXFileReference; lastKnownFileType = sourcecode.c.c; path = main.c; sourceTree = "<group>"; };
		0EAC73FF232FED7A00AC829F /* pythagorus.h */ = {isa = PBXFileReference; lastKnownFileType = sourcecode.c.h; path = pythagorus.h; sourceTree = "<group>"; };
		0EAC7400232FED7A00AC829F /* pythagorus.c */ = {isa = PBXFileReference; lastKnownFileType = sourcecode.c.c; path = pythagorus.c; sourceTree = "<group>"; };
/* End PBXFileReference section */

/* Begin PBXFrameworksBuildPhase section */
		0EAC73F2232FED5700AC829F /* Frameworks */ = {
			isa = PBXFrameworksBuildPhase;
			buildActionMask = 2147483647;
			files = (
			);
			runOnlyForDeploymentPostprocessing = 0;
		};
/* End PBXFrameworksBuildPhase section */

/* Begin PBXGroup section */
		0EAC73EC232FED5700AC829F = {
			isa = PBXGroup;
			children = (
				0EAC73F7232FED5700AC829F /* labs */,
				0EAC73F6232FED5700AC829F /* Products */,
			);
			sourceTree = "<group>";
		};
		0EAC73F6232FED5700AC829F /* Products */ = {
			isa = PBXGroup;
			children = (
				0EAC73F5232FED5700AC829F /* labs */,
			);
			name = Products;
			sourceTree = "<group>";
		};
		0EAC73F7232FED5700AC829F /* labs */ = {
			isa = PBXGroup;
			children = (
				0EAC73F8232FED5700AC829F /* main.c */,
				0EAC73FF232FED7A00AC829F /* pythagorus.h */,
				0EAC7400232FED7A00AC829F /* pythagorus.c */,
				0EA40A562331413200420037 /* datatypes.h */,
				0EA40A572331413200420037 /* datatypes.c */,
			);
			path = labs;
			sourceTree = "<group>";
		};
/* End PBXGroup section */

/* Begin PBXNativeTarget section */
		0EAC73F4232FED5700AC829F /* labs */ = {
			isa = PBXNativeTarget;
			buildConfigurationList = 0EAC73FC232FED5700AC829F /* Build configuration list for PBXNativeTarget "labs" */;
			buildPhases = (
				0EAC73F1232FED5700AC829F /* Sources */,
				0EAC73F2232FED5700AC829F /* Frameworks */,
				0EAC73F3232FED5700AC829F /* CopyFiles */,
			);
			buildRules = (
			);
			dependencies = (
			);
			name = labs;
			productName = labs;
			productReference = 0EAC73F5232FED5700AC829F /* labs */;
			productType = "com.apple.product-type.tool";
		};
/* End PBXNativeTarget section */

/* Begin PBXProject section */
		0EAC73ED232FED5700AC829F /* Project object */ = {
			isa = PBXProject;
			attributes = {
				LastUpgradeCheck = 1030;
				ORGANIZATIONNAME = "Parsons, Mason";
				TargetAttributes = {
					0EAC73F4232FED5700AC829F = {
						CreatedOnToolsVersion = 10.3;
					};
				};
			};
			buildConfigurationList = 0EAC73F0232FED5700AC829F /* Build configuration list for PBXProject "labs" */;
			compatibilityVersion = "Xcode 9.3";
			developmentRegion = en;
			hasScannedForEncodings = 0;
			knownRegions = (
				en,
			);
			mainGroup = 0EAC73EC232FED5700AC829F;
			productRefGroup = 0EAC73F6232FED5700AC829F /* Products */;
			projectDirPath = "";
			projectRoot = "";
			targets = (
				0EAC73F4232FED5700AC829F /* labs */,
			);
		};
/* End PBXProject section */

/* Begin PBXSourcesBuildPhase section */
		0EAC73F1232FED5700AC829F /* Sources */ = {
			isa = PBXSourcesBuildPhase;
			buildActionMask = 2147483647;
			files = (
				0EA40A582331413200420037 /* datatypes.c in Sources */,
				0EAC73F9232FED5700AC829F /* main.c in Sources */,
				0EAC7401232FED7A00AC829F /* pythagorus.c in Sources */,
			);
			runOnlyForDeploymentPostprocessing = 0;
		};
/* End PBXSourcesBuildPhase section */

/* Begin XCBuildConfiguration section */
		0EAC73FA232FED5700AC829F /* Debug */ = {
			isa = XCBuildConfiguration;
			buildSettings = {
				ALWAYS_SEARCH_USER_PATHS = NO;
				CLANG_ANALYZER_NONNULL = YES;
				CLANG_ANALYZER_NUMBER_OBJECT_CONVERSION = YES_AGGRESSIVE;
				CLANG_CXX_LANGUAGE_STANDARD = "gnu++14";
				CLANG_CXX_LIBRARY = "libc++";
				CLANG_ENABLE_MODULES = YES;
				CLANG_ENABLE_OBJC_ARC = YES;
				CLANG_ENABLE_OBJC_WEAK = YES;
				CLANG_WARN_BLOCK_CAPTURE_AUTORELEASING = YES;
				CLANG_WARN_BOOL_CONVERSION = YES;
				CLANG_WARN_COMMA = YES;
				CLANG_WARN_CONSTANT_CONVERSION = YES;
				CLANG_WARN_DEPRECATED_OBJC_IMPLEMENTATIONS = YES;
				CLANG_WARN_DIRECT_OBJC_ISA_USAGE = YES_ERROR;
				CLANG_WARN_DOCUMENTATION_COMMENTS = YES;
				CLANG_WARN_EMPTY_BODY = YES;
				CLANG_WARN_ENUM_CONVERSION = YES;
				CLANG_WARN_INFINITE_RECURSION = YES;
				CLANG_WARN_INT_CONVERSION = YES;
				CLANG_WARN_NON_LITERAL_NULL_CONVERSION = YES;
				CLANG_WARN_OBJC_IMPLICIT_RETAIN_SELF = YES;
				CLANG_WARN_OBJC_LITERAL_CONVERSION = YES;
				CLANG_WARN_OBJC_ROOT_CLASS = YES_ERROR;
				CLANG_WARN_RANGE_LOOP_ANALYSIS = YES;
				CLANG_WARN_STRICT_PROTOTYPES = YES;
				CLANG_WARN_SUSPICIOUS_MOVE = YES;
				CLANG_WARN_UNGUARDED_AVAILABILITY = YES_AGGRESSIVE;
				CLANG_WARN_UNREACHABLE_CODE = YES;
				CLANG_WARN__DUPLICATE_METHOD_MATCH = YES;
				CODE_SIGN_IDENTITY = "-";
				COPY_PHASE_STRIP = NO;
				DEBUG_INFORMATION_FORMAT = dwarf;
				ENABLE_STRICT_OBJC_MSGSEND = YES;
				ENABLE_TESTABILITY = YES;
				GCC_C_LANGUAGE_STANDARD = gnu11;
				GCC_DYNAMIC_NO_PIC = NO;
				GCC_NO_COMMON_BLOCKS = YES;
				GCC_OPTIMIZATION_LEVEL = 0;
				GCC_PREPROCESSOR_DEFINITIONS = (
					"DEBUG=1",
					"$(inherited)",
				);
				GCC_WARN_64_TO_32_BIT_CONVERSION = YES;
				GCC_WARN_ABOUT_RETURN_TYPE = YES_ERROR;
				GCC_WARN_UNDECLARED_SELECTOR = YES;
				GCC_WARN_UNINITIALIZED_AUTOS = YES_AGGRESSIVE;
				GCC_WARN_UNUSED_FUNCTION = YES;
				GCC_WARN_UNUSED_VARIABLE = YES;
				MACOSX_DEPLOYMENT_TARGET = 10.14;
				MTL_ENABLE_DEBUG_INFO = INCLUDE_SOURCE;
				MTL_FAST_MATH = YES;
				ONLY_ACTIVE_ARCH = YES;
				SDKROOT = macosx;
			};
			name = Debug;
		};
		0EAC73FB232FED5700AC829F /* Release */ = {
			isa = XCBuildConfiguration;
			buildSettings = {
				ALWAYS_SEARCH_USER_PATHS = NO;
				CLANG_ANALYZER_NONNULL = YES;
				CLANG_ANALYZER_NUMBER_OBJECT_CONVERSION = YES_AGGRESSIVE;
				CLANG_CXX_LANGUAGE_STANDARD = "gnu++14";
				CLANG_CXX_LIBRARY = "libc++";
				CLANG_ENABLE_MODULES = YES;
				CLANG_ENABLE_OBJC_ARC = YES;
				CLANG_ENABLE_OBJC_WEAK = YES;
				CLANG_WARN_BLOCK_CAPTURE_AUTORELEASING = YES;
				CLANG_WARN_BOOL_CONVERSION = YES;
				CLANG_WARN_COMMA = YES;
				CLANG_WARN_CONSTANT_CONVERSION = YES;
				CLANG_WARN_DEPRECATED_OBJC_IMPLEMENTATIONS = YES;
				CLANG_WARN_DIRECT_OBJC_ISA_USAGE = YES_ERROR;
				CLANG_WARN_DOCUMENTATION_COMMENTS = YES;
				CLANG_WARN_EMPTY_BODY = YES;
				CLANG_WARN_ENUM_CONVERSION = YES;
				CLANG_WARN_INFINITE_RECURSION = YES;
				CLANG_WARN_INT_CONVERSION = YES;
				CLANG_WARN_NON_LITERAL_NULL_CONVERSION = YES;
				CLANG_WARN_OBJC_IMPLICIT_RETAIN_SELF = YES;
				CLANG_WARN_OBJC_LITERAL_CONVERSION = YES;
				CLANG_WARN_OBJC_ROOT_CLASS = YES_ERROR;
				CLANG_WARN_RANGE_LOOP_ANALYSIS = YES;
				CLANG_WARN_STRICT_PROTOTYPES = YES;
				CLANG_WARN_SUSPICIOUS_MOVE = YES;
				CLANG_WARN_UNGUARDED_AVAILABILITY = YES_AGGRESSIVE;
				CLANG_WARN_UNREACHABLE_CODE = YES;
				CLANG_WARN__DUPLICATE_METHOD_MATCH = YES;
				CODE_SIGN_IDENTITY = "-";
				COPY_PHASE_STRIP = NO;
				DEBUG_INFORMATION_FORMAT = "dwarf-with-dsym";
				ENABLE_NS_ASSERTIONS = NO;
				ENABLE_STRICT_OBJC_MSGSEND = YES;
				GCC_C_LANGUAGE_STANDARD = gnu11;
				GCC_NO_COMMON_BLOCKS = YES;
				GCC_WARN_64_TO_32_BIT_CONVERSION = YES;
				GCC_WARN_ABOUT_RETURN_TYPE = YES_ERROR;
				GCC_WARN_UNDECLARED_SELECTOR = YES;
				GCC_WARN_UNINITIALIZED_AUTOS = YES_AGGRESSIVE;
				GCC_WARN_UNUSED_FUNCTION = YES;
				GCC_WARN_UNUSED_VARIABLE = YES;
				MACOSX_DEPLOYMENT_TARGET = 10.14;
				MTL_ENABLE_DEBUG_INFO = NO;
				MTL_FAST_MATH = YES;
				SDKROOT = macosx;
			};
			name = Release;
		};
		0EAC73FD232FED5700AC829F /* Debug */ = {
			isa = XCBuildConfiguration;
			buildSettings = {
				CODE_SIGN_STYLE = Automatic;
				PRODUCT_NAME = "$(TARGET_NAME)";
			};
			name = Debug;
		};
		0EAC73FE232FED5700AC829F /* Release */ = {
			isa = XCBuildConfiguration;
			buildSettings = {
				CODE_SIGN_STYLE = Automatic;
				PRODUCT_NAME = "$(TARGET_NAME)";
			};
			name = Release;
		};
/* End XCBuildConfiguration section */

/* Begin XCConfigurationList section */
		0EAC73F0232FED5700AC829F /* Build configuration list for PBXProject "labs" */ = {
			isa = XCConfigurationList;
			buildConfigurations = (
				0EAC73FA232FED5700AC829F /* Debug */,
				0EAC73FB232FED5700AC829F /* Release */,
			);
			defaultConfigurationIsVisible = 0;
			defaultConfigurationName = Release;
		};
		0EAC73FC232FED5700AC829F /* Build configuration list for PBXNativeTarget "labs" */ = {
			isa = XCConfigurationList;
			buildConfigurations = (
				0EAC73FD232FED5700AC829F /* Debug */,
				0EAC73FE232FED5700AC829F /* Release */,
			);
			defaultConfigurationIsVisible = 0;
			defaultConfigurationName = Release;
		};
/* End XCConfigurationList section */
	};
	rootObject = 0EAC73ED232FED5700AC829F /* Project object */;
}
